{
  "name": "SmartBikeLights",
  "lockfileVersion": 3,
  "requires": true,
  "packages": {
    "": {
      "dependencies": {
        "ciq-test-runner": "file:../ciq-test-runner"
      }
    },
    "../ciq-test-runner": {
      "version": "1.0.0",
      "license": "(MIT OR Apache-2.0)",
      "dependencies": {
        "commander": "^8.3.0"
      },
      "bin": {
        "ciq-test-runner": "index.js"
      },
      "devDependencies": {
        "jest": "^27.4.7"
      },
      "engines": {
        "node": ">=15.9.0"
      }
    },
    "node_modules/ciq-test-runner": {
      "resolved": "../ciq-test-runner",
      "link": true
    }
  }
}
